
Microsoft Visual Studio Solution File, Format Version 12.00
# Visual Studio Version 16
VisualStudioVersion = 16.0.31321.278
MinimumVisualStudioVersion = 10.0.40219.1
Project("{FAE04EC0-301F-11D3-BF4B-00C04F79EFBC}") = "amgl-launcher", "amgl-launcher\amgl-launcher.csproj", "{4492F331-3F89-4152-AF61-B1079374F682}"
EndProject
Project("{930C7802-8A8C-48F9-8165-68863BCCD9DD}") = "amgl-installer", "amgl-installer\amgl-installer.wixproj", "{6F6EB7F2-A811-4D80-B789-158EB2419BE7}"
EndProject
Global
	GlobalSection(SolutionConfigurationPlatforms) = preSolution
		Debug|Any CPU = Debug|Any CPU
		Debug|x86 = Debug|x86
		Release|Any CPU = Release|Any CPU
		Release|x86 = Release|x86
	EndGlobalSection
	GlobalSection(ProjectConfigurationPlatforms) = postSolution
		{4492F331-3F89-4152-AF61-B1079374F682}.Debug|Any CPU.ActiveCfg = Debug|Any CPU
		{4492F331-3F89-4152-AF61-B1079374F682}.Debug|Any CPU.Build.0 = Debug|Any CPU
		{4492F331-3F89-4152-AF61-B1079374F682}.Debug|x86.ActiveCfg = Debug|Any CPU
		{4492F331-3F89-4152-AF61-B1079374F682}.Debug|x86.Build.0 = Debug|Any CPU
		{4492F331-3F89-4152-AF61-B1079374F682}.Release|Any CPU.ActiveCfg = Release|Any CPU
		{4492F331-3F89-4152-AF61-B1079374F682}.Release|Any CPU.Build.0 = Release|Any CPU
		{4492F331-3F89-4152-AF61-B1079374F682}.Release|x86.ActiveCfg = Release|Any CPU
		{4492F331-3F89-4152-AF61-B1079374F682}.Release|x86.Build.0 = Release|Any CPU
		{6F6EB7F2-A811-4D80-B789-158EB2419BE7}.Debug|Any CPU.ActiveCfg = Debug|x86
		{6F6EB7F2-A811-4D80-B789-158EB2419BE7}.Debug|x86.ActiveCfg = Debug|x86
		{6F6EB7F2-A811-4D80-B789-158EB2419BE7}.Debug|x86.Build.0 = Debug|x86
		{6F6EB7F2-A811-4D80-B789-158EB2419BE7}.Release|Any CPU.ActiveCfg = Release|x86
		{6F6EB7F2-A811-4D80-B789-158EB2419BE7}.Release|x86.ActiveCfg = Release|x86
		{6F6EB7F2-A811-4D80-B789-158EB2419BE7}.Release|x86.Build.0 = Release|x86
	EndGlobalSection
	GlobalSection(SolutionProperties) = preSolution
		HideSolutionNode = FALSE
	EndGlobalSection
	GlobalSection(ExtensibilityGlobals) = postSolution
		SolutionGuid = {03867F44-1535-4B3B-800C-1B90AD08FB0F}
	EndGlobalSection
EndGlobal
