
Microsoft Visual Studio Solution File, Format Version 12.00
# Visual Studio Version 16
VisualStudioVersion = 16.0.29911.84
MinimumVisualStudioVersion = 10.0.40219.1
Project("{930C7802-8A8C-48F9-8165-68863BCCD9DD}") = "amgl-setup", "amgl-setup.wixproj", "{92F3BE16-6BD3-4F8E-9C3E-63CB1723F391}"
EndProject
Global
	GlobalSection(SolutionConfigurationPlatforms) = preSolution
		Debug|x86 = Debug|x86
		Release|x86 = Release|x86
	EndGlobalSection
	GlobalSection(ProjectConfigurationPlatforms) = postSolution
		{92F3BE16-6BD3-4F8E-9C3E-63CB1723F391}.Debug|x86.ActiveCfg = Debug|x86
		{92F3BE16-6BD3-4F8E-9C3E-63CB1723F391}.Debug|x86.Build.0 = Debug|x86
		{92F3BE16-6BD3-4F8E-9C3E-63CB1723F391}.Release|x86.ActiveCfg = Release|x86
		{92F3BE16-6BD3-4F8E-9C3E-63CB1723F391}.Release|x86.Build.0 = Release|x86
	EndGlobalSection
	GlobalSection(SolutionProperties) = preSolution
		HideSolutionNode = FALSE
	EndGlobalSection
	GlobalSection(ExtensibilityGlobals) = postSolution
		SolutionGuid = {00DB6FCC-06DE-41D9-84C6-AEF628B9B089}
	EndGlobalSection
EndGlobal
