
Microsoft Visual Studio Solution File, Format Version 12.00
# Visual Studio Version 16
VisualStudioVersion = 16.0.31402.337
MinimumVisualStudioVersion = 10.0.40219.1
Project("{FAE04EC0-301F-11D3-BF4B-00C04F79EFBC}") = "amgl-launcher-common", "amgl-launcher-common.csproj", "{0D917A0E-AE46-4179-9EA3-90627EF817BF}"
EndProject
Global
	GlobalSection(SolutionConfigurationPlatforms) = preSolution
		Debug|Any CPU = Debug|Any CPU
		Release|Any CPU = Release|Any CPU
	EndGlobalSection
	GlobalSection(ProjectConfigurationPlatforms) = postSolution
		{0D917A0E-AE46-4179-9EA3-90627EF817BF}.Debug|Any CPU.ActiveCfg = Debug|Any CPU
		{0D917A0E-AE46-4179-9EA3-90627EF817BF}.Debug|Any CPU.Build.0 = Debug|Any CPU
		{0D917A0E-AE46-4179-9EA3-90627EF817BF}.Release|Any CPU.ActiveCfg = Release|Any CPU
		{0D917A0E-AE46-4179-9EA3-90627EF817BF}.Release|Any CPU.Build.0 = Release|Any CPU
	EndGlobalSection
	GlobalSection(SolutionProperties) = preSolution
		HideSolutionNode = FALSE
	EndGlobalSection
	GlobalSection(ExtensibilityGlobals) = postSolution
		SolutionGuid = {CE8A9B5F-1910-496A-9DC2-BA2EC5CFA872}
	EndGlobalSection
EndGlobal
