
Microsoft Visual Studio Solution File, Format Version 12.00
# Visual Studio Version 16
VisualStudioVersion = 16.0.31321.278
MinimumVisualStudioVersion = 10.0.40219.1
Project("{FAE04EC0-301F-11D3-BF4B-00C04F79EFBC}") = "amgl-launcher-common", "amgl-launcher-common\amgl-launcher-common.csproj", "{82E1E233-9D43-4430-8B25-B832373DD9D8}"
EndProject
Project("{FAE04EC0-301F-11D3-BF4B-00C04F79EFBC}") = "amgl-launcher-main", "amgl-launcher-main\amgl-launcher-main.csproj", "{EAE1697F-14EA-4BFD-90B6-DA3AC0421149}"
EndProject
Project("{FAE04EC0-301F-11D3-BF4B-00C04F79EFBC}") = "amgl-launcher-content", "amgl-launcher-content\amgl-launcher-content.csproj", "{029F5952-C094-469B-B58A-EA01CFA7FBCE}"
EndProject
Global
	GlobalSection(SolutionConfigurationPlatforms) = preSolution
		Debug|Any CPU = Debug|Any CPU
		Release|Any CPU = Release|Any CPU
	EndGlobalSection
	GlobalSection(ProjectConfigurationPlatforms) = postSolution
		{82E1E233-9D43-4430-8B25-B832373DD9D8}.Debug|Any CPU.ActiveCfg = Debug|Any CPU
		{82E1E233-9D43-4430-8B25-B832373DD9D8}.Debug|Any CPU.Build.0 = Debug|Any CPU
		{82E1E233-9D43-4430-8B25-B832373DD9D8}.Release|Any CPU.ActiveCfg = Release|Any CPU
		{82E1E233-9D43-4430-8B25-B832373DD9D8}.Release|Any CPU.Build.0 = Release|Any CPU
		{EAE1697F-14EA-4BFD-90B6-DA3AC0421149}.Debug|Any CPU.ActiveCfg = Debug|Any CPU
		{EAE1697F-14EA-4BFD-90B6-DA3AC0421149}.Debug|Any CPU.Build.0 = Debug|Any CPU
		{EAE1697F-14EA-4BFD-90B6-DA3AC0421149}.Release|Any CPU.ActiveCfg = Release|Any CPU
		{EAE1697F-14EA-4BFD-90B6-DA3AC0421149}.Release|Any CPU.Build.0 = Release|Any CPU
		{029F5952-C094-469B-B58A-EA01CFA7FBCE}.Debug|Any CPU.ActiveCfg = Debug|Any CPU
		{029F5952-C094-469B-B58A-EA01CFA7FBCE}.Debug|Any CPU.Build.0 = Debug|Any CPU
		{029F5952-C094-469B-B58A-EA01CFA7FBCE}.Release|Any CPU.ActiveCfg = Release|Any CPU
		{029F5952-C094-469B-B58A-EA01CFA7FBCE}.Release|Any CPU.Build.0 = Release|Any CPU
	EndGlobalSection
	GlobalSection(SolutionProperties) = preSolution
		HideSolutionNode = FALSE
	EndGlobalSection
	GlobalSection(ExtensibilityGlobals) = postSolution
		SolutionGuid = {B9D4066D-8205-4556-9179-582C9FE1C1B5}
	EndGlobalSection
EndGlobal
